// !$*UTF8*$!
{
	archiveVersion = 1;
	classes = {
	};
	objectVersion = 52;
	objects = {

/* Begin PBXBuildFile section */
		CE018739254C61FE00CFE6D5 /* README.md in Resources */ = {isa = PBXBuildFile; fileRef = CE018738254C61FD00CFE6D5 /* README.md */; };
		CE185226254773BC002BB8BC /* Task.swift in Sources */ = {isa = PBXBuildFile; fileRef = CE185225254773BC002BB8BC /* Task.swift */; };
		CE8C8E512545C0FB003003C5 /* SwiftRex_ToDo_PersistedApp.swift in Sources */ = {isa = PBXBuildFile; fileRef = CE8C8E502545C0FB003003C5 /* SwiftRex_ToDo_PersistedApp.swift */; };
		CE8C8E552545C0FC003003C5 /* Assets.xcassets in Resources */ = {isa = PBXBuildFile; fileRef = CE8C8E542545C0FC003003C5 /* Assets.xcassets */; };
		CE8C8E582545C0FC003003C5 /* Preview Assets.xcassets in Resources */ = {isa = PBXBuildFile; fileRef = CE8C8E572545C0FC003003C5 /* Preview Assets.xcassets */; };
		CE8C8E632545C0FC003003C5 /* SwiftRex_ToDo_PersistedTests.swift in Sources */ = {isa = PBXBuildFile; fileRef = CE8C8E622545C0FC003003C5 /* SwiftRex_ToDo_PersistedTests.swift */; };
		CE8C8E872545C14F003003C5 /* SPMLibraries.h in Headers */ = {isa = PBXBuildFile; fileRef = CE8C8E852545C14F003003C5 /* SPMLibraries.h */; settings = {ATTRIBUTES = (Public, ); }; };
		CEDF2D7D2545D42A00F76DCA /* SPMLibraries.framework in Frameworks */ = {isa = PBXBuildFile; fileRef = CE8C8E832545C14F003003C5 /* SPMLibraries.framework */; };
		CEDF2D842545D44700F76DCA /* SPMLibraries.framework in Embed Frameworks */ = {isa = PBXBuildFile; fileRef = CE8C8E832545C14F003003C5 /* SPMLibraries.framework */; settings = {ATTRIBUTES = (CodeSignOnCopy, RemoveHeadersOnCopy, ); }; };
		CEDF2D882545D49D00F76DCA /* ReduxFramework.swift in Sources */ = {isa = PBXBuildFile; fileRef = CEDF2D872545D49D00F76DCA /* ReduxFramework.swift */; };
		CEDF2D8D2545D4EE00F76DCA /* LoggerMiddleware in Frameworks */ = {isa = PBXBuildFile; productRef = CEDF2D8C2545D4EE00F76DCA /* LoggerMiddleware */; };
		CEDF2D912545D52A00F76DCA /* Router.swift in Sources */ = {isa = PBXBuildFile; fileRef = CEDF2D902545D52A00F76DCA /* Router.swift */; };
		CEDF2D962545D56B00F76DCA /* CombineRextensions in Frameworks */ = {isa = PBXBuildFile; productRef = CEDF2D952545D56B00F76DCA /* CombineRextensions */; };
		CEDF2D9C2545D5AD00F76DCA /* ViewProducers.swift in Sources */ = {isa = PBXBuildFile; fileRef = CEDF2D9B2545D5AD00F76DCA /* ViewProducers.swift */; };
		CEDF2DA02545D5CD00F76DCA /* ActionPrism.swift in Sources */ = {isa = PBXBuildFile; fileRef = CEDF2D9F2545D5CD00F76DCA /* ActionPrism.swift */; };
		CEDF2DA72545D61B00F76DCA /* AppLifecycleMiddleware.swift in Sources */ = {isa = PBXBuildFile; fileRef = CEDF2DA62545D61B00F76DCA /* AppLifecycleMiddleware.swift */; };
		CEDF2DAB2545D63A00F76DCA /* PersistenceMiddleware.swift in Sources */ = {isa = PBXBuildFile; fileRef = CEDF2DAA2545D63A00F76DCA /* PersistenceMiddleware.swift */; };
		CEDF2DB22545D66100F76DCA /* TaskObject.swift in Sources */ = {isa = PBXBuildFile; fileRef = CEDF2DB12545D66100F76DCA /* TaskObject.swift */; };
		CEDF2DBA2545D72700F76DCA /* Realm in Frameworks */ = {isa = PBXBuildFile; productRef = CEDF2DB92545D72700F76DCA /* Realm */; };
		CEDF2DBC2545D72700F76DCA /* RealmSwift in Frameworks */ = {isa = PBXBuildFile; productRef = CEDF2DBB2545D72700F76DCA /* RealmSwift */; };
		CEDF2DC02545D7A900F76DCA /* RealmPersistenceService.swift in Sources */ = {isa = PBXBuildFile; fileRef = CEDF2DBF2545D7A900F76DCA /* RealmPersistenceService.swift */; };
		CEDF2DC72545D7DB00F76DCA /* TaskCellView.swift in Sources */ = {isa = PBXBuildFile; fileRef = CEDF2DC62545D7DB00F76DCA /* TaskCellView.swift */; };
		CEDF2DCB2545D7FB00F76DCA /* TaskList.swift in Sources */ = {isa = PBXBuildFile; fileRef = CEDF2DCA2545D7FB00F76DCA /* TaskList.swift */; };
		CEDF2DD22545D82A00F76DCA /* ConditionalView.swift in Sources */ = {isa = PBXBuildFile; fileRef = CEDF2DD12545D82A00F76DCA /* ConditionalView.swift */; };
		CEE0205825470BB600C48EE6 /* TaskCellViewModel.swift in Sources */ = {isa = PBXBuildFile; fileRef = CEE0205725470BB600C48EE6 /* TaskCellViewModel.swift */; };
		CEE0206125470E6D00C48EE6 /* TaskListViewModel.swift in Sources */ = {isa = PBXBuildFile; fileRef = CEE0206025470E6D00C48EE6 /* TaskListViewModel.swift */; };
		CEE38196254730A20077E5EE /* CombineRex in Frameworks */ = {isa = PBXBuildFile; productRef = CEE38195254730A20077E5EE /* CombineRex */; };
/* End PBXBuildFile section */

/* Begin PBXContainerItemProxy section */
		CE8C8E5F2545C0FC003003C5 /* PBXContainerItemProxy */ = {
			isa = PBXContainerItemProxy;
			containerPortal = CE8C8E452545C0FB003003C5 /* Project object */;
			proxyType = 1;
			remoteGlobalIDString = CE8C8E4C2545C0FB003003C5;
			remoteInfo = "SwiftRex-ToDo-Persisted";
		};
		CEDF2D7F2545D42A00F76DCA /* PBXContainerItemProxy */ = {
			isa = PBXContainerItemProxy;
			containerPortal = CE8C8E452545C0FB003003C5 /* Project object */;
			proxyType = 1;
			remoteGlobalIDString = CE8C8E822545C14F003003C5;
			remoteInfo = SPMLibraries;
		};
/* End PBXContainerItemProxy section */

/* Begin PBXCopyFilesBuildPhase section */
		CEDF2D812545D42B00F76DCA /* Embed Frameworks */ = {
			isa = PBXCopyFilesBuildPhase;
			buildActionMask = 2147483647;
			dstPath = "";
			dstSubfolderSpec = 10;
			files = (
				CEDF2D842545D44700F76DCA /* SPMLibraries.framework in Embed Frameworks */,
			);
			name = "Embed Frameworks";
			runOnlyForDeploymentPostprocessing = 0;
		};
/* End PBXCopyFilesBuildPhase section */

/* Begin PBXFileReference section */
		CE018738254C61FD00CFE6D5 /* README.md */ = {isa = PBXFileReference; fileEncoding = 4; lastKnownFileType = net.daringfireball.markdown; path = README.md; sourceTree = "<group>"; };
		CE185225254773BC002BB8BC /* Task.swift */ = {isa = PBXFileReference; lastKnownFileType = sourcecode.swift; path = Task.swift; sourceTree = "<group>"; };
		CE8C8E4D2545C0FB003003C5 /* SwiftRex-ToDo-Persisted.app */ = {isa = PBXFileReference; explicitFileType = wrapper.application; includeInIndex = 0; path = "SwiftRex-ToDo-Persisted.app"; sourceTree = BUILT_PRODUCTS_DIR; };
		CE8C8E502545C0FB003003C5 /* SwiftRex_ToDo_PersistedApp.swift */ = {isa = PBXFileReference; lastKnownFileType = sourcecode.swift; path = SwiftRex_ToDo_PersistedApp.swift; sourceTree = "<group>"; };
		CE8C8E542545C0FC003003C5 /* Assets.xcassets */ = {isa = PBXFileReference; lastKnownFileType = folder.assetcatalog; path = Assets.xcassets; sourceTree = "<group>"; };
		CE8C8E572545C0FC003003C5 /* Preview Assets.xcassets */ = {isa = PBXFileReference; lastKnownFileType = folder.assetcatalog; path = "Preview Assets.xcassets"; sourceTree = "<group>"; };
		CE8C8E592545C0FC003003C5 /* Info.plist */ = {isa = PBXFileReference; lastKnownFileType = text.plist.xml; path = Info.plist; sourceTree = "<group>"; };
		CE8C8E5E2545C0FC003003C5 /* SwiftRex-ToDo-PersistedTests.xctest */ = {isa = PBXFileReference; explicitFileType = wrapper.cfbundle; includeInIndex = 0; path = "SwiftRex-ToDo-PersistedTests.xctest"; sourceTree = BUILT_PRODUCTS_DIR; };
		CE8C8E622545C0FC003003C5 /* SwiftRex_ToDo_PersistedTests.swift */ = {isa = PBXFileReference; lastKnownFileType = sourcecode.swift; path = SwiftRex_ToDo_PersistedTests.swift; sourceTree = "<group>"; };
		CE8C8E642545C0FC003003C5 /* Info.plist */ = {isa = PBXFileReference; lastKnownFileType = text.plist.xml; path = Info.plist; sourceTree = "<group>"; };
		CE8C8E832545C14F003003C5 /* SPMLibraries.framework */ = {isa = PBXFileReference; explicitFileType = wrapper.framework; includeInIndex = 0; path = SPMLibraries.framework; sourceTree = BUILT_PRODUCTS_DIR; };
		CE8C8E852545C14F003003C5 /* SPMLibraries.h */ = {isa = PBXFileReference; lastKnownFileType = sourcecode.c.h; path = SPMLibraries.h; sourceTree = "<group>"; };
		CE8C8E862545C14F003003C5 /* Info.plist */ = {isa = PBXFileReference; lastKnownFileType = text.plist.xml; path = Info.plist; sourceTree = "<group>"; };
		CEDF2D872545D49D00F76DCA /* ReduxFramework.swift */ = {isa = PBXFileReference; lastKnownFileType = sourcecode.swift; path = ReduxFramework.swift; sourceTree = "<group>"; };
		CEDF2D902545D52A00F76DCA /* Router.swift */ = {isa = PBXFileReference; lastKnownFileType = sourcecode.swift; path = Router.swift; sourceTree = "<group>"; };
		CEDF2D9B2545D5AD00F76DCA /* ViewProducers.swift */ = {isa = PBXFileReference; lastKnownFileType = sourcecode.swift; path = ViewProducers.swift; sourceTree = "<group>"; };
		CEDF2D9F2545D5CD00F76DCA /* ActionPrism.swift */ = {isa = PBXFileReference; lastKnownFileType = sourcecode.swift; path = ActionPrism.swift; sourceTree = "<group>"; };
		CEDF2DA62545D61B00F76DCA /* AppLifecycleMiddleware.swift */ = {isa = PBXFileReference; lastKnownFileType = sourcecode.swift; path = AppLifecycleMiddleware.swift; sourceTree = "<group>"; };
		CEDF2DAA2545D63A00F76DCA /* PersistenceMiddleware.swift */ = {isa = PBXFileReference; lastKnownFileType = sourcecode.swift; path = PersistenceMiddleware.swift; sourceTree = "<group>"; };
		CEDF2DB12545D66100F76DCA /* TaskObject.swift */ = {isa = PBXFileReference; lastKnownFileType = sourcecode.swift; path = TaskObject.swift; sourceTree = "<group>"; };
		CEDF2DBF2545D7A900F76DCA /* RealmPersistenceService.swift */ = {isa = PBXFileReference; lastKnownFileType = sourcecode.swift; path = RealmPersistenceService.swift; sourceTree = "<group>"; };
		CEDF2DC62545D7DB00F76DCA /* TaskCellView.swift */ = {isa = PBXFileReference; lastKnownFileType = sourcecode.swift; path = TaskCellView.swift; sourceTree = "<group>"; };
		CEDF2DCA2545D7FB00F76DCA /* TaskList.swift */ = {isa = PBXFileReference; lastKnownFileType = sourcecode.swift; path = TaskList.swift; sourceTree = "<group>"; };
		CEDF2DD12545D82A00F76DCA /* ConditionalView.swift */ = {isa = PBXFileReference; lastKnownFileType = sourcecode.swift; path = ConditionalView.swift; sourceTree = "<group>"; };
		CEE0205725470BB600C48EE6 /* TaskCellViewModel.swift */ = {isa = PBXFileReference; lastKnownFileType = sourcecode.swift; path = TaskCellViewModel.swift; sourceTree = "<group>"; };
		CEE0206025470E6D00C48EE6 /* TaskListViewModel.swift */ = {isa = PBXFileReference; lastKnownFileType = sourcecode.swift; path = TaskListViewModel.swift; sourceTree = "<group>"; };
/* End PBXFileReference section */

/* Begin PBXFrameworksBuildPhase section */
		CE8C8E4A2545C0FB003003C5 /* Frameworks */ = {
			isa = PBXFrameworksBuildPhase;
			buildActionMask = 2147483647;
			files = (
				CEDF2D7D2545D42A00F76DCA /* SPMLibraries.framework in Frameworks */,
			);
			runOnlyForDeploymentPostprocessing = 0;
		};
		CE8C8E5B2545C0FC003003C5 /* Frameworks */ = {
			isa = PBXFrameworksBuildPhase;
			buildActionMask = 2147483647;
			files = (
			);
			runOnlyForDeploymentPostprocessing = 0;
		};
		CE8C8E802545C14F003003C5 /* Frameworks */ = {
			isa = PBXFrameworksBuildPhase;
			buildActionMask = 2147483647;
			files = (
				CEDF2D8D2545D4EE00F76DCA /* LoggerMiddleware in Frameworks */,
				CEDF2D962545D56B00F76DCA /* CombineRextensions in Frameworks */,
				CEDF2DBA2545D72700F76DCA /* Realm in Frameworks */,
				CEE38196254730A20077E5EE /* CombineRex in Frameworks */,
				CEDF2DBC2545D72700F76DCA /* RealmSwift in Frameworks */,
			);
			runOnlyForDeploymentPostprocessing = 0;
		};
/* End PBXFrameworksBuildPhase section */

/* Begin PBXGroup section */
		CE8C8E442545C0FB003003C5 = {
			isa = PBXGroup;
			children = (
				CE018738254C61FD00CFE6D5 /* README.md */,
				CE8C8E4F2545C0FB003003C5 /* SwiftRex-ToDo-Persisted */,
				CE8C8E612545C0FC003003C5 /* SwiftRex-ToDo-PersistedTests */,
				CE8C8E842545C14F003003C5 /* SPMLibraries */,
				CE8C8E4E2545C0FB003003C5 /* Products */,
				CE8C8E972545C2D9003003C5 /* Frameworks */,
			);
			sourceTree = "<group>";
		};
		CE8C8E4E2545C0FB003003C5 /* Products */ = {
			isa = PBXGroup;
			children = (
				CE8C8E4D2545C0FB003003C5 /* SwiftRex-ToDo-Persisted.app */,
				CE8C8E5E2545C0FC003003C5 /* SwiftRex-ToDo-PersistedTests.xctest */,
				CE8C8E832545C14F003003C5 /* SPMLibraries.framework */,
			);
			name = Products;
			sourceTree = "<group>";
		};
		CE8C8E4F2545C0FB003003C5 /* SwiftRex-ToDo-Persisted */ = {
			isa = PBXGroup;
			children = (
				CE8C8E502545C0FB003003C5 /* SwiftRex_ToDo_PersistedApp.swift */,
				CEDF2DA32545D5F200F76DCA /* App */,
				CEDF2DD52545D82D00F76DCA /* Library */,
				CEDF2DC32545D7B600F76DCA /* Services */,
				CEDF2DB52545D66B00F76DCA /* Model */,
				CEDF2DCE2545D80500F76DCA /* Views */,
				CEDF2DAE2545D64300F76DCA /* Middleware */,
				CE8C8E542545C0FC003003C5 /* Assets.xcassets */,
				CE8C8E592545C0FC003003C5 /* Info.plist */,
				CE8C8E562545C0FC003003C5 /* Preview Content */,
			);
			path = "SwiftRex-ToDo-Persisted";
			sourceTree = "<group>";
		};
		CE8C8E562545C0FC003003C5 /* Preview Content */ = {
			isa = PBXGroup;
			children = (
				CE8C8E572545C0FC003003C5 /* Preview Assets.xcassets */,
			);
			path = "Preview Content";
			sourceTree = "<group>";
		};
		CE8C8E612545C0FC003003C5 /* SwiftRex-ToDo-PersistedTests */ = {
			isa = PBXGroup;
			children = (
				CE8C8E622545C0FC003003C5 /* SwiftRex_ToDo_PersistedTests.swift */,
				CE8C8E642545C0FC003003C5 /* Info.plist */,
			);
			path = "SwiftRex-ToDo-PersistedTests";
			sourceTree = "<group>";
		};
		CE8C8E842545C14F003003C5 /* SPMLibraries */ = {
			isa = PBXGroup;
			children = (
				CE8C8E852545C14F003003C5 /* SPMLibraries.h */,
				CE8C8E862545C14F003003C5 /* Info.plist */,
			);
			path = SPMLibraries;
			sourceTree = "<group>";
		};
		CE8C8E972545C2D9003003C5 /* Frameworks */ = {
			isa = PBXGroup;
			children = (
			);
			name = Frameworks;
			sourceTree = "<group>";
		};
		CEDF2DA32545D5F200F76DCA /* App */ = {
			isa = PBXGroup;
			children = (
				CEDF2D872545D49D00F76DCA /* ReduxFramework.swift */,
				CEDF2D9F2545D5CD00F76DCA /* ActionPrism.swift */,
				CEDF2D9B2545D5AD00F76DCA /* ViewProducers.swift */,
				CEDF2D902545D52A00F76DCA /* Router.swift */,
			);
			path = App;
			sourceTree = "<group>";
		};
		CEDF2DAE2545D64300F76DCA /* Middleware */ = {
			isa = PBXGroup;
			children = (
				CEDF2DA62545D61B00F76DCA /* AppLifecycleMiddleware.swift */,
				CEDF2DAA2545D63A00F76DCA /* PersistenceMiddleware.swift */,
			);
			path = Middleware;
			sourceTree = "<group>";
		};
		CEDF2DB52545D66B00F76DCA /* Model */ = {
			isa = PBXGroup;
			children = (
				CEDF2DB12545D66100F76DCA /* TaskObject.swift */,
				CE185225254773BC002BB8BC /* Task.swift */,
			);
			path = Model;
			sourceTree = "<group>";
		};
		CEDF2DC32545D7B600F76DCA /* Services */ = {
			isa = PBXGroup;
			children = (
				CEDF2DBF2545D7A900F76DCA /* RealmPersistenceService.swift */,
			);
			path = Services;
			sourceTree = "<group>";
		};
		CEDF2DCE2545D80500F76DCA /* Views */ = {
			isa = PBXGroup;
			children = (
				CEE0205B25470E3400C48EE6 /* TaskCell */,
				CEE0206425470ECE00C48EE6 /* TaskList */,
			);
			path = Views;
			sourceTree = "<group>";
		};
		CEDF2DD52545D82D00F76DCA /* Library */ = {
			isa = PBXGroup;
			children = (
				CEDF2DD12545D82A00F76DCA /* ConditionalView.swift */,
			);
			path = Library;
			sourceTree = "<group>";
		};
		CEE0205B25470E3400C48EE6 /* TaskCell */ = {
			isa = PBXGroup;
			children = (
				CEDF2DC62545D7DB00F76DCA /* TaskCellView.swift */,
				CEE0205725470BB600C48EE6 /* TaskCellViewModel.swift */,
			);
			path = TaskCell;
			sourceTree = "<group>";
		};
		CEE0206425470ECE00C48EE6 /* TaskList */ = {
			isa = PBXGroup;
			children = (
				CEDF2DCA2545D7FB00F76DCA /* TaskList.swift */,
				CEE0206025470E6D00C48EE6 /* TaskListViewModel.swift */,
			);
			path = TaskList;
			sourceTree = "<group>";
		};
/* End PBXGroup section */

/* Begin PBXHeadersBuildPhase section */
		CE8C8E7E2545C14F003003C5 /* Headers */ = {
			isa = PBXHeadersBuildPhase;
			buildActionMask = 2147483647;
			files = (
				CE8C8E872545C14F003003C5 /* SPMLibraries.h in Headers */,
			);
			runOnlyForDeploymentPostprocessing = 0;
		};
/* End PBXHeadersBuildPhase section */

/* Begin PBXNativeTarget section */
		CE8C8E4C2545C0FB003003C5 /* SwiftRex-ToDo-Persisted */ = {
			isa = PBXNativeTarget;
			buildConfigurationList = CE8C8E722545C0FC003003C5 /* Build configuration list for PBXNativeTarget "SwiftRex-ToDo-Persisted" */;
			buildPhases = (
				CE8C8E492545C0FB003003C5 /* Sources */,
				CE8C8E4A2545C0FB003003C5 /* Frameworks */,
				CE8C8E4B2545C0FB003003C5 /* Resources */,
				CEDF2D812545D42B00F76DCA /* Embed Frameworks */,
			);
			buildRules = (
			);
			dependencies = (
				CEDF2D802545D42A00F76DCA /* PBXTargetDependency */,
			);
			name = "SwiftRex-ToDo-Persisted";
			packageProductDependencies = (
			);
			productName = "SwiftRex-ToDo-Persisted";
			productReference = CE8C8E4D2545C0FB003003C5 /* SwiftRex-ToDo-Persisted.app */;
			productType = "com.apple.product-type.application";
		};
		CE8C8E5D2545C0FC003003C5 /* SwiftRex-ToDo-PersistedTests */ = {
			isa = PBXNativeTarget;
			buildConfigurationList = CE8C8E752545C0FC003003C5 /* Build configuration list for PBXNativeTarget "SwiftRex-ToDo-PersistedTests" */;
			buildPhases = (
				CE8C8E5A2545C0FC003003C5 /* Sources */,
				CE8C8E5B2545C0FC003003C5 /* Frameworks */,
				CE8C8E5C2545C0FC003003C5 /* Resources */,
			);
			buildRules = (
			);
			dependencies = (
				CE8C8E602545C0FC003003C5 /* PBXTargetDependency */,
			);
			name = "SwiftRex-ToDo-PersistedTests";
			packageProductDependencies = (
			);
			productName = "SwiftRex-ToDo-PersistedTests";
			productReference = CE8C8E5E2545C0FC003003C5 /* SwiftRex-ToDo-PersistedTests.xctest */;
			productType = "com.apple.product-type.bundle.unit-test";
		};
		CE8C8E822545C14F003003C5 /* SPMLibraries */ = {
			isa = PBXNativeTarget;
			buildConfigurationList = CE8C8E8C2545C14F003003C5 /* Build configuration list for PBXNativeTarget "SPMLibraries" */;
			buildPhases = (
				CE8C8E7E2545C14F003003C5 /* Headers */,
				CE8C8E7F2545C14F003003C5 /* Sources */,
				CE8C8E802545C14F003003C5 /* Frameworks */,
				CE8C8E812545C14F003003C5 /* Resources */,
			);
			buildRules = (
			);
			dependencies = (
			);
			name = SPMLibraries;
			packageProductDependencies = (
				CEDF2D8C2545D4EE00F76DCA /* LoggerMiddleware */,
				CEDF2D952545D56B00F76DCA /* CombineRextensions */,
				CEDF2DB92545D72700F76DCA /* Realm */,
				CEDF2DBB2545D72700F76DCA /* RealmSwift */,
				CEE38195254730A20077E5EE /* CombineRex */,
			);
			productName = SPMLibraries;
			productReference = CE8C8E832545C14F003003C5 /* SPMLibraries.framework */;
			productType = "com.apple.product-type.framework";
		};
/* End PBXNativeTarget section */

/* Begin PBXProject section */
		CE8C8E452545C0FB003003C5 /* Project object */ = {
			isa = PBXProject;
			attributes = {
				LastSwiftUpdateCheck = 1210;
				LastUpgradeCheck = 1210;
				TargetAttributes = {
					CE8C8E4C2545C0FB003003C5 = {
						CreatedOnToolsVersion = 12.1;
					};
					CE8C8E5D2545C0FC003003C5 = {
						CreatedOnToolsVersion = 12.1;
						TestTargetID = CE8C8E4C2545C0FB003003C5;
					};
					CE8C8E822545C14F003003C5 = {
						CreatedOnToolsVersion = 12.1;
					};
				};
			};
			buildConfigurationList = CE8C8E482545C0FB003003C5 /* Build configuration list for PBXProject "SwiftRex-ToDo-Persisted" */;
			compatibilityVersion = "Xcode 9.3";
			developmentRegion = en;
			hasScannedForEncodings = 0;
			knownRegions = (
				en,
				Base,
			);
			mainGroup = CE8C8E442545C0FB003003C5;
			packageReferences = (
				CEDF2D8B2545D4EE00F76DCA /* XCRemoteSwiftPackageReference "LoggerMiddleware" */,
				CEDF2D942545D56B00F76DCA /* XCRemoteSwiftPackageReference "CombineRextensions" */,
				CEDF2DB82545D72700F76DCA /* XCRemoteSwiftPackageReference "realm-cocoa" */,
				CE8B48BF25472E3C00B02136 /* XCRemoteSwiftPackageReference "SwiftRex" */,
			);
			productRefGroup = CE8C8E4E2545C0FB003003C5 /* Products */;
			projectDirPath = "";
			projectRoot = "";
			targets = (
				CE8C8E4C2545C0FB003003C5 /* SwiftRex-ToDo-Persisted */,
				CE8C8E5D2545C0FC003003C5 /* SwiftRex-ToDo-PersistedTests */,
				CE8C8E822545C14F003003C5 /* SPMLibraries */,
			);
		};
/* End PBXProject section */

/* Begin PBXResourcesBuildPhase section */
		CE8C8E4B2545C0FB003003C5 /* Resources */ = {
			isa = PBXResourcesBuildPhase;
			buildActionMask = 2147483647;
			files = (
				CE018739254C61FE00CFE6D5 /* README.md in Resources */,
				CE8C8E582545C0FC003003C5 /* Preview Assets.xcassets in Resources */,
				CE8C8E552545C0FC003003C5 /* Assets.xcassets in Resources */,
			);
			runOnlyForDeploymentPostprocessing = 0;
		};
		CE8C8E5C2545C0FC003003C5 /* Resources */ = {
			isa = PBXResourcesBuildPhase;
			buildActionMask = 2147483647;
			files = (
			);
			runOnlyForDeploymentPostprocessing = 0;
		};
		CE8C8E812545C14F003003C5 /* Resources */ = {
			isa = PBXResourcesBuildPhase;
			buildActionMask = 2147483647;
			files = (
			);
			runOnlyForDeploymentPostprocessing = 0;
		};
/* End PBXResourcesBuildPhase section */

/* Begin PBXSourcesBuildPhase section */
		CE8C8E492545C0FB003003C5 /* Sources */ = {
			isa = PBXSourcesBuildPhase;
			buildActionMask = 2147483647;
			files = (
				CE185226254773BC002BB8BC /* Task.swift in Sources */,
				CEDF2DA72545D61B00F76DCA /* AppLifecycleMiddleware.swift in Sources */,
				CEDF2DCB2545D7FB00F76DCA /* TaskList.swift in Sources */,
				CEDF2D9C2545D5AD00F76DCA /* ViewProducers.swift in Sources */,
				CEDF2DA02545D5CD00F76DCA /* ActionPrism.swift in Sources */,
				CEDF2DC02545D7A900F76DCA /* RealmPersistenceService.swift in Sources */,
				CEDF2D912545D52A00F76DCA /* Router.swift in Sources */,
				CEDF2DAB2545D63A00F76DCA /* PersistenceMiddleware.swift in Sources */,
				CEE0206125470E6D00C48EE6 /* TaskListViewModel.swift in Sources */,
				CEDF2DB22545D66100F76DCA /* TaskObject.swift in Sources */,
				CEDF2D882545D49D00F76DCA /* ReduxFramework.swift in Sources */,
				CE8C8E512545C0FB003003C5 /* SwiftRex_ToDo_PersistedApp.swift in Sources */,
				CEDF2DC72545D7DB00F76DCA /* TaskCellView.swift in Sources */,
				CEDF2DD22545D82A00F76DCA /* ConditionalView.swift in Sources */,
				CEE0205825470BB600C48EE6 /* TaskCellViewModel.swift in Sources */,
			);
			runOnlyForDeploymentPostprocessing = 0;
		};
		CE8C8E5A2545C0FC003003C5 /* Sources */ = {
			isa = PBXSourcesBuildPhase;
			buildActionMask = 2147483647;
			files = (
				CE8C8E632545C0FC003003C5 /* SwiftRex_ToDo_PersistedTests.swift in Sources */,
			);
			runOnlyForDeploymentPostprocessing = 0;
		};
		CE8C8E7F2545C14F003003C5 /* Sources */ = {
			isa = PBXSourcesBuildPhase;
			buildActionMask = 2147483647;
			files = (
			);
			runOnlyForDeploymentPostprocessing = 0;
		};
/* End PBXSourcesBuildPhase section */

/* Begin PBXTargetDependency section */
		CE8C8E602545C0FC003003C5 /* PBXTargetDependency */ = {
			isa = PBXTargetDependency;
			target = CE8C8E4C2545C0FB003003C5 /* SwiftRex-ToDo-Persisted */;
			targetProxy = CE8C8E5F2545C0FC003003C5 /* PBXContainerItemProxy */;
		};
		CEDF2D802545D42A00F76DCA /* PBXTargetDependency */ = {
			isa = PBXTargetDependency;
			target = CE8C8E822545C14F003003C5 /* SPMLibraries */;
			targetProxy = CEDF2D7F2545D42A00F76DCA /* PBXContainerItemProxy */;
		};
/* End PBXTargetDependency section */

/* Begin XCBuildConfiguration section */
		CE8C8E702545C0FC003003C5 /* Debug */ = {
			isa = XCBuildConfiguration;
			buildSettings = {
				ALWAYS_SEARCH_USER_PATHS = NO;
				CLANG_ANALYZER_NONNULL = YES;
				CLANG_ANALYZER_NUMBER_OBJECT_CONVERSION = YES_AGGRESSIVE;
				CLANG_CXX_LANGUAGE_STANDARD = "gnu++14";
				CLANG_CXX_LIBRARY = "libc++";
				CLANG_ENABLE_MODULES = YES;
				CLANG_ENABLE_OBJC_ARC = YES;
				CLANG_ENABLE_OBJC_WEAK = YES;
				CLANG_WARN_BLOCK_CAPTURE_AUTORELEASING = YES;
				CLANG_WARN_BOOL_CONVERSION = YES;
				CLANG_WARN_COMMA = YES;
				CLANG_WARN_CONSTANT_CONVERSION = YES;
				CLANG_WARN_DEPRECATED_OBJC_IMPLEMENTATIONS = YES;
				CLANG_WARN_DIRECT_OBJC_ISA_USAGE = YES_ERROR;
				CLANG_WARN_DOCUMENTATION_COMMENTS = YES;
				CLANG_WARN_EMPTY_BODY = YES;
				CLANG_WARN_ENUM_CONVERSION = YES;
				CLANG_WARN_INFINITE_RECURSION = YES;
				CLANG_WARN_INT_CONVERSION = YES;
				CLANG_WARN_NON_LITERAL_NULL_CONVERSION = YES;
				CLANG_WARN_OBJC_IMPLICIT_RETAIN_SELF = YES;
				CLANG_WARN_OBJC_LITERAL_CONVERSION = YES;
				CLANG_WARN_OBJC_ROOT_CLASS = YES_ERROR;
				CLANG_WARN_QUOTED_INCLUDE_IN_FRAMEWORK_HEADER = YES;
				CLANG_WARN_RANGE_LOOP_ANALYSIS = YES;
				CLANG_WARN_STRICT_PROTOTYPES = YES;
				CLANG_WARN_SUSPICIOUS_MOVE = YES;
				CLANG_WARN_UNGUARDED_AVAILABILITY = YES_AGGRESSIVE;
				CLANG_WARN_UNREACHABLE_CODE = YES;
				CLANG_WARN__DUPLICATE_METHOD_MATCH = YES;
				COPY_PHASE_STRIP = NO;
				DEBUG_INFORMATION_FORMAT = dwarf;
				ENABLE_STRICT_OBJC_MSGSEND = YES;
				ENABLE_TESTABILITY = YES;
				GCC_C_LANGUAGE_STANDARD = gnu11;
				GCC_DYNAMIC_NO_PIC = NO;
				GCC_NO_COMMON_BLOCKS = YES;
				GCC_OPTIMIZATION_LEVEL = 0;
				GCC_PREPROCESSOR_DEFINITIONS = (
					"DEBUG=1",
					"$(inherited)",
				);
				GCC_WARN_64_TO_32_BIT_CONVERSION = YES;
				GCC_WARN_ABOUT_RETURN_TYPE = YES_ERROR;
				GCC_WARN_UNDECLARED_SELECTOR = YES;
				GCC_WARN_UNINITIALIZED_AUTOS = YES_AGGRESSIVE;
				GCC_WARN_UNUSED_FUNCTION = YES;
				GCC_WARN_UNUSED_VARIABLE = YES;
				IPHONEOS_DEPLOYMENT_TARGET = 14.1;
				MTL_ENABLE_DEBUG_INFO = INCLUDE_SOURCE;
				MTL_FAST_MATH = YES;
				ONLY_ACTIVE_ARCH = YES;
				SDKROOT = iphoneos;
				SWIFT_ACTIVE_COMPILATION_CONDITIONS = DEBUG;
				SWIFT_OPTIMIZATION_LEVEL = "-Onone";
			};
			name = Debug;
		};
		CE8C8E712545C0FC003003C5 /* Release */ = {
			isa = XCBuildConfiguration;
			buildSettings = {
				ALWAYS_SEARCH_USER_PATHS = NO;
				CLANG_ANALYZER_NONNULL = YES;
				CLANG_ANALYZER_NUMBER_OBJECT_CONVERSION = YES_AGGRESSIVE;
				CLANG_CXX_LANGUAGE_STANDARD = "gnu++14";
				CLANG_CXX_LIBRARY = "libc++";
				CLANG_ENABLE_MODULES = YES;
				CLANG_ENABLE_OBJC_ARC = YES;
				CLANG_ENABLE_OBJC_WEAK = YES;
				CLANG_WARN_BLOCK_CAPTURE_AUTORELEASING = YES;
				CLANG_WARN_BOOL_CONVERSION = YES;
				CLANG_WARN_COMMA = YES;
				CLANG_WARN_CONSTANT_CONVERSION = YES;
				CLANG_WARN_DEPRECATED_OBJC_IMPLEMENTATIONS = YES;
				CLANG_WARN_DIRECT_OBJC_ISA_USAGE = YES_ERROR;
				CLANG_WARN_DOCUMENTATION_COMMENTS = YES;
				CLANG_WARN_EMPTY_BODY = YES;
				CLANG_WARN_ENUM_CONVERSION = YES;
				CLANG_WARN_INFINITE_RECURSION = YES;
				CLANG_WARN_INT_CONVERSION = YES;
				CLANG_WARN_NON_LITERAL_NULL_CONVERSION = YES;
				CLANG_WARN_OBJC_IMPLICIT_RETAIN_SELF = YES;
				CLANG_WARN_OBJC_LITERAL_CONVERSION = YES;
				CLANG_WARN_OBJC_ROOT_CLASS = YES_ERROR;
				CLANG_WARN_QUOTED_INCLUDE_IN_FRAMEWORK_HEADER = YES;
				CLANG_WARN_RANGE_LOOP_ANALYSIS = YES;
				CLANG_WARN_STRICT_PROTOTYPES = YES;
				CLANG_WARN_SUSPICIOUS_MOVE = YES;
				CLANG_WARN_UNGUARDED_AVAILABILITY = YES_AGGRESSIVE;
				CLANG_WARN_UNREACHABLE_CODE = YES;
				CLANG_WARN__DUPLICATE_METHOD_MATCH = YES;
				COPY_PHASE_STRIP = NO;
				DEBUG_INFORMATION_FORMAT = "dwarf-with-dsym";
				ENABLE_NS_ASSERTIONS = NO;
				ENABLE_STRICT_OBJC_MSGSEND = YES;
				GCC_C_LANGUAGE_STANDARD = gnu11;
				GCC_NO_COMMON_BLOCKS = YES;
				GCC_WARN_64_TO_32_BIT_CONVERSION = YES;
				GCC_WARN_ABOUT_RETURN_TYPE = YES_ERROR;
				GCC_WARN_UNDECLARED_SELECTOR = YES;
				GCC_WARN_UNINITIALIZED_AUTOS = YES_AGGRESSIVE;
				GCC_WARN_UNUSED_FUNCTION = YES;
				GCC_WARN_UNUSED_VARIABLE = YES;
				IPHONEOS_DEPLOYMENT_TARGET = 14.1;
				MTL_ENABLE_DEBUG_INFO = NO;
				MTL_FAST_MATH = YES;
				SDKROOT = iphoneos;
				SWIFT_COMPILATION_MODE = wholemodule;
				SWIFT_OPTIMIZATION_LEVEL = "-O";
				VALIDATE_PRODUCT = YES;
			};
			name = Release;
		};
		CE8C8E732545C0FC003003C5 /* Debug */ = {
			isa = XCBuildConfiguration;
			buildSettings = {
				ASSETCATALOG_COMPILER_APPICON_NAME = AppIcon;
				ASSETCATALOG_COMPILER_GLOBAL_ACCENT_COLOR_NAME = AccentColor;
				CODE_SIGN_STYLE = Automatic;
				DEVELOPMENT_ASSET_PATHS = "\"SwiftRex-ToDo-Persisted/Preview Content\"";
				DEVELOPMENT_TEAM = D98V54KELR;
				ENABLE_PREVIEWS = YES;
				INFOPLIST_FILE = "SwiftRex-ToDo-Persisted/Info.plist";
				IPHONEOS_DEPLOYMENT_TARGET = 14.0;
				LD_RUNPATH_SEARCH_PATHS = (
					"$(inherited)",
					"@executable_path/Frameworks",
				);
				PRODUCT_BUNDLE_IDENTIFIER = "com.awardvetsci.SwiftRex-ToDo-Persisted";
				PRODUCT_NAME = "$(TARGET_NAME)";
				SWIFT_VERSION = 5.0;
				TARGETED_DEVICE_FAMILY = "1,2";
			};
			name = Debug;
		};
		CE8C8E742545C0FC003003C5 /* Release */ = {
			isa = XCBuildConfiguration;
			buildSettings = {
				ASSETCATALOG_COMPILER_APPICON_NAME = AppIcon;
				ASSETCATALOG_COMPILER_GLOBAL_ACCENT_COLOR_NAME = AccentColor;
				CODE_SIGN_STYLE = Automatic;
				DEVELOPMENT_ASSET_PATHS = "\"SwiftRex-ToDo-Persisted/Preview Content\"";
				DEVELOPMENT_TEAM = D98V54KELR;
				ENABLE_PREVIEWS = YES;
				INFOPLIST_FILE = "SwiftRex-ToDo-Persisted/Info.plist";
				IPHONEOS_DEPLOYMENT_TARGET = 14.0;
				LD_RUNPATH_SEARCH_PATHS = (
					"$(inherited)",
					"@executable_path/Frameworks",
				);
				PRODUCT_BUNDLE_IDENTIFIER = "com.awardvetsci.SwiftRex-ToDo-Persisted";
				PRODUCT_NAME = "$(TARGET_NAME)";
				SWIFT_VERSION = 5.0;
				TARGETED_DEVICE_FAMILY = "1,2";
			};
			name = Release;
		};
		CE8C8E762545C0FC003003C5 /* Debug */ = {
			isa = XCBuildConfiguration;
			buildSettings = {
				ALWAYS_EMBED_SWIFT_STANDARD_LIBRARIES = YES;
				BUNDLE_LOADER = "$(TEST_HOST)";
				CODE_SIGN_STYLE = Automatic;
				DEVELOPMENT_TEAM = D98V54KELR;
				INFOPLIST_FILE = "SwiftRex-ToDo-PersistedTests/Info.plist";
				IPHONEOS_DEPLOYMENT_TARGET = 14.0;
				LD_RUNPATH_SEARCH_PATHS = (
					"$(inherited)",
					"@executable_path/Frameworks",
					"@loader_path/Frameworks",
				);
				PRODUCT_BUNDLE_IDENTIFIER = "com.awardvetsci.SwiftRex-ToDo-PersistedTests";
				PRODUCT_NAME = "$(TARGET_NAME)";
				SWIFT_VERSION = 5.0;
				TARGETED_DEVICE_FAMILY = "1,2";
				TEST_HOST = "$(BUILT_PRODUCTS_DIR)/SwiftRex-ToDo-Persisted.app/SwiftRex-ToDo-Persisted";
			};
			name = Debug;
		};
		CE8C8E772545C0FC003003C5 /* Release */ = {
			isa = XCBuildConfiguration;
			buildSettings = {
				ALWAYS_EMBED_SWIFT_STANDARD_LIBRARIES = YES;
				BUNDLE_LOADER = "$(TEST_HOST)";
				CODE_SIGN_STYLE = Automatic;
				DEVELOPMENT_TEAM = D98V54KELR;
				INFOPLIST_FILE = "SwiftRex-ToDo-PersistedTests/Info.plist";
				IPHONEOS_DEPLOYMENT_TARGET = 14.0;
				LD_RUNPATH_SEARCH_PATHS = (
					"$(inherited)",
					"@executable_path/Frameworks",
					"@loader_path/Frameworks",
				);
				PRODUCT_BUNDLE_IDENTIFIER = "com.awardvetsci.SwiftRex-ToDo-PersistedTests";
				PRODUCT_NAME = "$(TARGET_NAME)";
				SWIFT_VERSION = 5.0;
				TARGETED_DEVICE_FAMILY = "1,2";
				TEST_HOST = "$(BUILT_PRODUCTS_DIR)/SwiftRex-ToDo-Persisted.app/SwiftRex-ToDo-Persisted";
			};
			name = Release;
		};
		CE8C8E8D2545C14F003003C5 /* Debug */ = {
			isa = XCBuildConfiguration;
			buildSettings = {
				CODE_SIGN_STYLE = Automatic;
				CURRENT_PROJECT_VERSION = 1;
				DEFINES_MODULE = YES;
				DEVELOPMENT_TEAM = D98V54KELR;
				DYLIB_COMPATIBILITY_VERSION = 1;
				DYLIB_CURRENT_VERSION = 1;
				DYLIB_INSTALL_NAME_BASE = "@rpath";
				INFOPLIST_FILE = SPMLibraries/Info.plist;
				INSTALL_PATH = "$(LOCAL_LIBRARY_DIR)/Frameworks";
				LD_RUNPATH_SEARCH_PATHS = (
					"$(inherited)",
					"@executable_path/Frameworks",
					"@loader_path/Frameworks",
				);
				PRODUCT_BUNDLE_IDENTIFIER = com.awardvetsci.SPMLibraries;
				PRODUCT_NAME = "$(TARGET_NAME:c99extidentifier)";
				SKIP_INSTALL = YES;
				SUPPORTS_MACCATALYST = NO;
				SWIFT_VERSION = 5.0;
				TARGETED_DEVICE_FAMILY = "1,2";
				VERSIONING_SYSTEM = "apple-generic";
				VERSION_INFO_PREFIX = "";
			};
			name = Debug;
		};
		CE8C8E8E2545C14F003003C5 /* Release */ = {
			isa = XCBuildConfiguration;
			buildSettings = {
				CODE_SIGN_STYLE = Automatic;
				CURRENT_PROJECT_VERSION = 1;
				DEFINES_MODULE = YES;
				DEVELOPMENT_TEAM = D98V54KELR;
				DYLIB_COMPATIBILITY_VERSION = 1;
				DYLIB_CURRENT_VERSION = 1;
				DYLIB_INSTALL_NAME_BASE = "@rpath";
				INFOPLIST_FILE = SPMLibraries/Info.plist;
				INSTALL_PATH = "$(LOCAL_LIBRARY_DIR)/Frameworks";
				LD_RUNPATH_SEARCH_PATHS = (
					"$(inherited)",
					"@executable_path/Frameworks",
					"@loader_path/Frameworks",
				);
				PRODUCT_BUNDLE_IDENTIFIER = com.awardvetsci.SPMLibraries;
				PRODUCT_NAME = "$(TARGET_NAME:c99extidentifier)";
				SKIP_INSTALL = YES;
				SUPPORTS_MACCATALYST = NO;
				SWIFT_VERSION = 5.0;
				TARGETED_DEVICE_FAMILY = "1,2";
				VERSIONING_SYSTEM = "apple-generic";
				VERSION_INFO_PREFIX = "";
			};
			name = Release;
		};
/* End XCBuildConfiguration section */

/* Begin XCConfigurationList section */
		CE8C8E482545C0FB003003C5 /* Build configuration list for PBXProject "SwiftRex-ToDo-Persisted" */ = {
			isa = XCConfigurationList;
			buildConfigurations = (
				CE8C8E702545C0FC003003C5 /* Debug */,
				CE8C8E712545C0FC003003C5 /* Release */,
			);
			defaultConfigurationIsVisible = 0;
			defaultConfigurationName = Release;
		};
		CE8C8E722545C0FC003003C5 /* Build configuration list for PBXNativeTarget "SwiftRex-ToDo-Persisted" */ = {
			isa = XCConfigurationList;
			buildConfigurations = (
				CE8C8E732545C0FC003003C5 /* Debug */,
				CE8C8E742545C0FC003003C5 /* Release */,
			);
			defaultConfigurationIsVisible = 0;
			defaultConfigurationName = Release;
		};
		CE8C8E752545C0FC003003C5 /* Build configuration list for PBXNativeTarget "SwiftRex-ToDo-PersistedTests" */ = {
			isa = XCConfigurationList;
			buildConfigurations = (
				CE8C8E762545C0FC003003C5 /* Debug */,
				CE8C8E772545C0FC003003C5 /* Release */,
			);
			defaultConfigurationIsVisible = 0;
			defaultConfigurationName = Release;
		};
		CE8C8E8C2545C14F003003C5 /* Build configuration list for PBXNativeTarget "SPMLibraries" */ = {
			isa = XCConfigurationList;
			buildConfigurations = (
				CE8C8E8D2545C14F003003C5 /* Debug */,
				CE8C8E8E2545C14F003003C5 /* Release */,
			);
			defaultConfigurationIsVisible = 0;
			defaultConfigurationName = Release;
		};
/* End XCConfigurationList section */

/* Begin XCRemoteSwiftPackageReference section */
		CE8B48BF25472E3C00B02136 /* XCRemoteSwiftPackageReference "SwiftRex" */ = {
			isa = XCRemoteSwiftPackageReference;
			repositoryURL = "https://github.com/SwiftRex/SwiftRex";
			requirement = {
				kind = upToNextMajorVersion;
				minimumVersion = 0.7.8;
			};
		};
		CEDF2D8B2545D4EE00F76DCA /* XCRemoteSwiftPackageReference "LoggerMiddleware" */ = {
			isa = XCRemoteSwiftPackageReference;
			repositoryURL = "https://github.com/SwiftRex/LoggerMiddleware";
			requirement = {
				kind = upToNextMajorVersion;
				minimumVersion = 0.1.2;
			};
		};
		CEDF2D942545D56B00F76DCA /* XCRemoteSwiftPackageReference "CombineRextensions" */ = {
			isa = XCRemoteSwiftPackageReference;
			repositoryURL = "https://github.com/SwiftRex/CombineRextensions";
			requirement = {
				branch = master;
				kind = branch;
			};
		};
		CEDF2DB82545D72700F76DCA /* XCRemoteSwiftPackageReference "realm-cocoa" */ = {
			isa = XCRemoteSwiftPackageReference;
			repositoryURL = "https://github.com/realm/realm-cocoa.git";
			requirement = {
				kind = upToNextMajorVersion;
				minimumVersion = 10.1.0;
			};
		};
/* End XCRemoteSwiftPackageReference section */

/* Begin XCSwiftPackageProductDependency section */
		CEDF2D8C2545D4EE00F76DCA /* LoggerMiddleware */ = {
			isa = XCSwiftPackageProductDependency;
			package = CEDF2D8B2545D4EE00F76DCA /* XCRemoteSwiftPackageReference "LoggerMiddleware" */;
			productName = LoggerMiddleware;
		};
		CEDF2D952545D56B00F76DCA /* CombineRextensions */ = {
			isa = XCSwiftPackageProductDependency;
			package = CEDF2D942545D56B00F76DCA /* XCRemoteSwiftPackageReference "CombineRextensions" */;
			productName = CombineRextensions;
		};
		CEDF2DB92545D72700F76DCA /* Realm */ = {
			isa = XCSwiftPackageProductDependency;
			package = CEDF2DB82545D72700F76DCA /* XCRemoteSwiftPackageReference "realm-cocoa" */;
			productName = Realm;
		};
		CEDF2DBB2545D72700F76DCA /* RealmSwift */ = {
			isa = XCSwiftPackageProductDependency;
			package = CEDF2DB82545D72700F76DCA /* XCRemoteSwiftPackageReference "realm-cocoa" */;
			productName = RealmSwift;
		};
		CEE38195254730A20077E5EE /* CombineRex */ = {
			isa = XCSwiftPackageProductDependency;
			package = CE8B48BF25472E3C00B02136 /* XCRemoteSwiftPackageReference "SwiftRex" */;
			productName = CombineRex;
		};
/* End XCSwiftPackageProductDependency section */
	};
	rootObject = CE8C8E452545C0FB003003C5 /* Project object */;
}
